
Microsoft Visual Studio Solution File, Format Version 12.00
# Visual Studio 15
VisualStudioVersion = 15.0.28307.106
MinimumVisualStudioVersion = 10.0.40219.1
Project("{8BC9CEB8-8B4A-11D0-8D11-00A0C91BC942}") = "fightgeon", "fightgeon\fightgeon.vcxproj", "{0ABEFEEE-F2CB-4FC0-BB70-70B6A3B3E41A}"
EndProject
Global
	GlobalSection(SolutionConfigurationPlatforms) = preSolution
		Debug|x64 = Debug|x64
		Debug|x86 = Debug|x86
		Release|x64 = Release|x64
		Release|x86 = Release|x86
	EndGlobalSection
	GlobalSection(ProjectConfigurationPlatforms) = postSolution
		{0ABEFEEE-F2CB-4FC0-BB70-70B6A3B3E41A}.Debug|x64.ActiveCfg = Debug|x64
		{0ABEFEEE-F2CB-4FC0-BB70-70B6A3B3E41A}.Debug|x64.Build.0 = Debug|x64
		{0ABEFEEE-F2CB-4FC0-BB70-70B6A3B3E41A}.Debug|x86.ActiveCfg = Debug|Win32
		{0ABEFEEE-F2CB-4FC0-BB70-70B6A3B3E41A}.Debug|x86.Build.0 = Debug|Win32
		{0ABEFEEE-F2CB-4FC0-BB70-70B6A3B3E41A}.Release|x64.ActiveCfg = Release|x64
		{0ABEFEEE-F2CB-4FC0-BB70-70B6A3B3E41A}.Release|x64.Build.0 = Release|x64
		{0ABEFEEE-F2CB-4FC0-BB70-70B6A3B3E41A}.Release|x86.ActiveCfg = Release|Win32
		{0ABEFEEE-F2CB-4FC0-BB70-70B6A3B3E41A}.Release|x86.Build.0 = Release|Win32
	EndGlobalSection
	GlobalSection(SolutionProperties) = preSolution
		HideSolutionNode = FALSE
	EndGlobalSection
	GlobalSection(ExtensibilityGlobals) = postSolution
		SolutionGuid = {C553BCFA-BED9-4C5E-9CC7-5991F49189F2}
	EndGlobalSection
EndGlobal
